
Microsoft Visual Studio Solution File, Format Version 12.00
# Visual Studio Version 17
VisualStudioVersion = 17.5.002.0
MinimumVisualStudioVersion = 10.0.40219.1
Project("{9A19103F-16F7-4668-BE54-9A1E7A4F7556}") = "cpen", "cpen.csproj", "{3D8CE0FB-7194-4F19-94A3-830E9002F710}"
EndProject
Global
	GlobalSection(SolutionConfigurationPlatforms) = preSolution
		Debug|Any CPU = Debug|Any CPU
		Release|Any CPU = Release|Any CPU
	EndGlobalSection
	GlobalSection(ProjectConfigurationPlatforms) = postSolution
		{3D8CE0FB-7194-4F19-94A3-830E9002F710}.Debug|Any CPU.ActiveCfg = Debug|Any CPU
		{3D8CE0FB-7194-4F19-94A3-830E9002F710}.Debug|Any CPU.Build.0 = Debug|Any CPU
		{3D8CE0FB-7194-4F19-94A3-830E9002F710}.Release|Any CPU.ActiveCfg = Release|Any CPU
		{3D8CE0FB-7194-4F19-94A3-830E9002F710}.Release|Any CPU.Build.0 = Release|Any CPU
	EndGlobalSection
	GlobalSection(SolutionProperties) = preSolution
		HideSolutionNode = FALSE
	EndGlobalSection
	GlobalSection(ExtensibilityGlobals) = postSolution
		SolutionGuid = {24EFF024-4E3D-4AD0-9665-B4389AB39841}
	EndGlobalSection
EndGlobal
